
Microsoft Visual Studio Solution File, Format Version 12.00
# Visual Studio Version 16
VisualStudioVersion = 16.0.31129.286
MinimumVisualStudioVersion = 10.0.40219.1
Project("{FAE04EC0-301F-11D3-BF4B-00C04F79EFBC}") = "Simple.SMART", "Simple.SMART\Simple.SMART.csproj", "{863757F9-039F-42B3-822D-DB21A65D154B}"
EndProject
Project("{FAE04EC0-301F-11D3-BF4B-00C04F79EFBC}") = "Simple.SMART.Tests", "Simple.SMART.Tests\Simple.SMART.Tests.csproj", "{56A1701F-61A9-42DA-A057-3847A8FBC90D}"
EndProject
Global
	GlobalSection(SolutionConfigurationPlatforms) = preSolution
		Debug|Any CPU = Debug|Any CPU
		Release|Any CPU = Release|Any CPU
	EndGlobalSection
	GlobalSection(ProjectConfigurationPlatforms) = postSolution
		{863757F9-039F-42B3-822D-DB21A65D154B}.Debug|Any CPU.ActiveCfg = Debug|Any CPU
		{863757F9-039F-42B3-822D-DB21A65D154B}.Debug|Any CPU.Build.0 = Debug|Any CPU
		{863757F9-039F-42B3-822D-DB21A65D154B}.Release|Any CPU.ActiveCfg = Release|Any CPU
		{863757F9-039F-42B3-822D-DB21A65D154B}.Release|Any CPU.Build.0 = Release|Any CPU
		{56A1701F-61A9-42DA-A057-3847A8FBC90D}.Debug|Any CPU.ActiveCfg = Debug|Any CPU
		{56A1701F-61A9-42DA-A057-3847A8FBC90D}.Debug|Any CPU.Build.0 = Debug|Any CPU
		{56A1701F-61A9-42DA-A057-3847A8FBC90D}.Release|Any CPU.ActiveCfg = Release|Any CPU
		{56A1701F-61A9-42DA-A057-3847A8FBC90D}.Release|Any CPU.Build.0 = Release|Any CPU
	EndGlobalSection
	GlobalSection(SolutionProperties) = preSolution
		HideSolutionNode = FALSE
	EndGlobalSection
	GlobalSection(ExtensibilityGlobals) = postSolution
		SolutionGuid = {6C217CF9-FC66-48CB-B058-0A84E7354420}
	EndGlobalSection
EndGlobal
